
Microsoft Visual Studio Solution File, Format Version 12.00
# Visual Studio Version 17
VisualStudioVersion = 17.11.35312.102
MinimumVisualStudioVersion = 10.0.40219.1
Project("{FAE04EC0-301F-11D3-BF4B-00C04F79EFBC}") = "PokeApp", "PokeApp\PokeApp.csproj", "{27528078-B117-4B31-83FB-F9C41C66A8F2}"
EndProject
Global
	GlobalSection(SolutionConfigurationPlatforms) = preSolution
		Debug|Any CPU = Debug|Any CPU
		Release|Any CPU = Release|Any CPU
	EndGlobalSection
	GlobalSection(ProjectConfigurationPlatforms) = postSolution
		{27528078-B117-4B31-83FB-F9C41C66A8F2}.Debug|Any CPU.ActiveCfg = Debug|Any CPU
		{27528078-B117-4B31-83FB-F9C41C66A8F2}.Debug|Any CPU.Build.0 = Debug|Any CPU
		{27528078-B117-4B31-83FB-F9C41C66A8F2}.Release|Any CPU.ActiveCfg = Release|Any CPU
		{27528078-B117-4B31-83FB-F9C41C66A8F2}.Release|Any CPU.Build.0 = Release|Any CPU
	EndGlobalSection
	GlobalSection(SolutionProperties) = preSolution
		HideSolutionNode = FALSE
	EndGlobalSection
	GlobalSection(ExtensibilityGlobals) = postSolution
		SolutionGuid = {B87337A8-DC96-4BF9-BB91-BF2E9AAE7E46}
	EndGlobalSection
EndGlobal
